{
  "lockfile_version": "1",
  "packages": {
    "github:NixOS/nixpkgs/nixpkgs-unstable": {
      "last_modified": "2026-07-26T16:08:32Z",
      "resolved": "github:NixOS/nixpkgs/e318e6adc497b5e8a5ac433c6c6ed21ecdab9029?lastModified=1785082112&narHash=sha256-Y7z%2FnrPajIJyVDd9z53ZPZGm0HU%2Bkej16Pwt2cNYI0A%3D"
    },
    "pnpm@11.15.0": {
      "last_modified": "2026-07-23T05:10:05Z",
      "resolved": "github:NixOS/nixpkgs/7525d999cd850b9a488817abc89c75dc733acf17#pnpm",
      "source": "devbox-search",
      "version": "11.15.0",
      "systems": {
        "aarch64-darwin": {
          "outputs": [
            {
              "name": "out",
              "path": "/nix/store/12ii9vsb0ygcp3n68ninik8hgkzcrwlx-pnpm-11.15.0",
              "default": true
            }
          ],
          "store_path": "/nix/store/12ii9vsb0ygcp3n68ninik8hgkzcrwlx-pnpm-11.15.0"
        },
        "aarch64-linux": {
          "outputs": [
            {
              "name": "out",
              "path": "/nix/store/4slv81dnhycj59lg0xznc70djwr50hc0-pnpm-11.15.0",
              "default": true
            }
          ],
          "store_path": "/nix/store/4slv81dnhycj59lg0xznc70djwr50hc0-pnpm-11.15.0"
        },
        "x86_64-linux": {
          "outputs": [
            {
              "name": "out",
              "path": "/nix/store/53xd3zys5pwjx55nq7c1v7lq3n1m2azi-pnpm-11.15.0",
              "default": true
            }
          ],
          "store_path": "/nix/store/53xd3zys5pwjx55nq7c1v7lq3n1m2azi-pnpm-11.15.0"
        }
      }
    },
    "pre-commit@4.5.1": {
      "last_modified": "2026-07-23T05:10:05Z",
      "resolved": "github:NixOS/nixpkgs/7525d999cd850b9a488817abc89c75dc733acf17#pre-commit",
      "source": "devbox-search",
      "version": "4.5.1",
      "systems": {
        "aarch64-darwin": {
          "outputs": [
            {
              "name": "out",
              "path": "/nix/store/zy4s7p53x911n0rngl0v3sarpg1qc43r-pre-commit-4.5.1",
              "default": true
            },
            {
              "name": "dist",
              "path": "/nix/store/g6jg597amf2f0ikhlii3iw8z3rriwx1c-pre-commit-4.5.1-dist"
            }
          ],
          "store_path": "/nix/store/zy4s7p53x911n0rngl0v3sarpg1qc43r-pre-commit-4.5.1"
        },
        "aarch64-linux": {
          "outputs": [
            {
              "name": "out",
              "path": "/nix/store/pf982haqw9f5nbas63xhxlqwdbgz0p7w-pre-commit-4.5.1",
              "default": true
            },
            {
              "name": "dist",
              "path": "/nix/store/qcmqnda32vcn9jiird3whjs4k2s8bq7j-pre-commit-4.5.1-dist"
            }
          ],
          "store_path": "/nix/store/pf982haqw9f5nbas63xhxlqwdbgz0p7w-pre-commit-4.5.1"
        },
        "x86_64-darwin": {
          "outputs": [
            {
              "name": "out",
              "path": "/nix/store/51i9rjiyhdnxd96rp3cc8ykhcld7zhqq-pre-commit-4.5.1",
              "default": true
            },
            {
              "name": "dist",
              "path": "/nix/store/hphzzlh3q6nz74px0mq2a1h7yqkyr35b-pre-commit-4.5.1-dist"
            }
          ],
          "store_path": "/nix/store/51i9rjiyhdnxd96rp3cc8ykhcld7zhqq-pre-commit-4.5.1"
        },
        "x86_64-linux": {
          "outputs": [
            {
              "name": "out",
              "path": "/nix/store/m9v9ypkyq41mcvdvsvivjkwgdygzdkbp-pre-commit-4.5.1",
              "default": true
            },
            {
              "name": "dist",
              "path": "/nix/store/lq6lbw29brd4rj8jlgzmqp151sxbwcy4-pre-commit-4.5.1-dist"
            }
          ],
          "store_path": "/nix/store/m9v9ypkyq41mcvdvsvivjkwgdygzdkbp-pre-commit-4.5.1"
        }
      }
    }
  }
}
