{
  "lockfile_version": "1",
  "packages": {
    "github:NixOS/nixpkgs/nixpkgs-unstable": {
      "last_modified": "2026-07-26T16:08:32Z",
      "resolved": "github:NixOS/nixpkgs/e318e6adc497b5e8a5ac433c6c6ed21ecdab9029?lastModified=1785082112&narHash=sha256-Y7z%2FnrPajIJyVDd9z53ZPZGm0HU%2Bkej16Pwt2cNYI0A%3D"
    },
    "pnpm@11.1.2": {
      "last_modified": "2026-05-21T08:15:18Z",
      "resolved": "github:NixOS/nixpkgs/4a29d733e8a7d5b824c3d8c958a946a9867b3eb2#pnpm",
      "source": "devbox-search",
      "version": "11.1.2",
      "systems": {
        "aarch64-darwin": {
          "outputs": [
            {
              "name": "out",
              "path": "/nix/store/5xwgha9mcl3x41zs1yf3cxjcl4866mvk-pnpm-11.1.2",
              "default": true
            }
          ],
          "store_path": "/nix/store/5xwgha9mcl3x41zs1yf3cxjcl4866mvk-pnpm-11.1.2"
        },
        "aarch64-linux": {
          "outputs": [
            {
              "name": "out",
              "path": "/nix/store/1kzs82g6ywic50y2i9k6nkp9kzya4a4a-pnpm-11.1.2",
              "default": true
            }
          ],
          "store_path": "/nix/store/1kzs82g6ywic50y2i9k6nkp9kzya4a4a-pnpm-11.1.2"
        },
        "x86_64-darwin": {
          "outputs": [
            {
              "name": "out",
              "path": "/nix/store/6ylc843py5x7jpw8g322adgz08a4kjzd-pnpm-11.1.2",
              "default": true
            }
          ],
          "store_path": "/nix/store/6ylc843py5x7jpw8g322adgz08a4kjzd-pnpm-11.1.2"
        },
        "x86_64-linux": {
          "outputs": [
            {
              "name": "out",
              "path": "/nix/store/q5a7ifamw5c6c9llfdj8h487qz4rasr9-pnpm-11.1.2",
              "default": true
            }
          ],
          "store_path": "/nix/store/q5a7ifamw5c6c9llfdj8h487qz4rasr9-pnpm-11.1.2"
        }
      }
    },
    "pre-commit@4.5.1": {
      "last_modified": "2026-07-23T05:10:05Z",
      "resolved": "github:NixOS/nixpkgs/7525d999cd850b9a488817abc89c75dc733acf17#pre-commit",
      "source": "devbox-search",
      "version": "4.5.1",
      "systems": {
        "aarch64-darwin": {
          "outputs": [
            {
              "name": "out",
              "path": "/nix/store/zy4s7p53x911n0rngl0v3sarpg1qc43r-pre-commit-4.5.1",
              "default": true
            },
            {
              "name": "dist",
              "path": "/nix/store/g6jg597amf2f0ikhlii3iw8z3rriwx1c-pre-commit-4.5.1-dist"
            }
          ],
          "store_path": "/nix/store/zy4s7p53x911n0rngl0v3sarpg1qc43r-pre-commit-4.5.1"
        },
        "aarch64-linux": {
          "outputs": [
            {
              "name": "out",
              "path": "/nix/store/pf982haqw9f5nbas63xhxlqwdbgz0p7w-pre-commit-4.5.1",
              "default": true
            },
            {
              "name": "dist",
              "path": "/nix/store/qcmqnda32vcn9jiird3whjs4k2s8bq7j-pre-commit-4.5.1-dist"
            }
          ],
          "store_path": "/nix/store/pf982haqw9f5nbas63xhxlqwdbgz0p7w-pre-commit-4.5.1"
        },
        "x86_64-darwin": {
          "outputs": [
            {
              "name": "out",
              "path": "/nix/store/51i9rjiyhdnxd96rp3cc8ykhcld7zhqq-pre-commit-4.5.1",
              "default": true
            },
            {
              "name": "dist",
              "path": "/nix/store/hphzzlh3q6nz74px0mq2a1h7yqkyr35b-pre-commit-4.5.1-dist"
            }
          ],
          "store_path": "/nix/store/51i9rjiyhdnxd96rp3cc8ykhcld7zhqq-pre-commit-4.5.1"
        },
        "x86_64-linux": {
          "outputs": [
            {
              "name": "out",
              "path": "/nix/store/m9v9ypkyq41mcvdvsvivjkwgdygzdkbp-pre-commit-4.5.1",
              "default": true
            },
            {
              "name": "dist",
              "path": "/nix/store/lq6lbw29brd4rj8jlgzmqp151sxbwcy4-pre-commit-4.5.1-dist"
            }
          ],
          "store_path": "/nix/store/m9v9ypkyq41mcvdvsvivjkwgdygzdkbp-pre-commit-4.5.1"
        }
      }
    }
  }
}
