{
  "lockfile_version": "1",
  "packages": {
    "github:NixOS/nixpkgs/nixpkgs-unstable": {
      "last_modified": "2026-07-12T00:30:12Z",
      "resolved": "github:NixOS/nixpkgs/3b32825de172d0bc85664f495edb096b10862524?lastModified=1783816212&narHash=sha256-2aZisVTVGSFEk3MYcOiWQp3zvwyzbqpktB69Rcfp150%3D"
    },
    "pnpm@11.1.2": {
      "last_modified": "2026-05-21T08:15:18Z",
      "resolved": "github:NixOS/nixpkgs/4a29d733e8a7d5b824c3d8c958a946a9867b3eb2#pnpm",
      "source": "devbox-search",
      "version": "11.1.2",
      "systems": {
        "aarch64-darwin": {
          "outputs": [
            {
              "name": "out",
              "path": "/nix/store/5xwgha9mcl3x41zs1yf3cxjcl4866mvk-pnpm-11.1.2",
              "default": true
            }
          ],
          "store_path": "/nix/store/5xwgha9mcl3x41zs1yf3cxjcl4866mvk-pnpm-11.1.2"
        },
        "aarch64-linux": {
          "outputs": [
            {
              "name": "out",
              "path": "/nix/store/1kzs82g6ywic50y2i9k6nkp9kzya4a4a-pnpm-11.1.2",
              "default": true
            }
          ],
          "store_path": "/nix/store/1kzs82g6ywic50y2i9k6nkp9kzya4a4a-pnpm-11.1.2"
        },
        "x86_64-darwin": {
          "outputs": [
            {
              "name": "out",
              "path": "/nix/store/6ylc843py5x7jpw8g322adgz08a4kjzd-pnpm-11.1.2",
              "default": true
            }
          ],
          "store_path": "/nix/store/6ylc843py5x7jpw8g322adgz08a4kjzd-pnpm-11.1.2"
        },
        "x86_64-linux": {
          "outputs": [
            {
              "name": "out",
              "path": "/nix/store/q5a7ifamw5c6c9llfdj8h487qz4rasr9-pnpm-11.1.2",
              "default": true
            }
          ],
          "store_path": "/nix/store/q5a7ifamw5c6c9llfdj8h487qz4rasr9-pnpm-11.1.2"
        }
      }
    },
    "pre-commit@4.5.1": {
      "last_modified": "2026-06-27T07:37:20Z",
      "resolved": "github:NixOS/nixpkgs/3d46470bb3030020f7e1361f33514854f5bfa86d#pre-commit",
      "source": "devbox-search",
      "version": "4.5.1",
      "systems": {
        "aarch64-darwin": {
          "outputs": [
            {
              "name": "out",
              "path": "/nix/store/3a82wd5rc40p6nb5m6q779pm6mb5z54s-pre-commit-4.5.1",
              "default": true
            },
            {
              "name": "dist",
              "path": "/nix/store/sp0ikhh5qy1m8sx78n1d0bbfngcxiqap-pre-commit-4.5.1-dist"
            }
          ],
          "store_path": "/nix/store/3a82wd5rc40p6nb5m6q779pm6mb5z54s-pre-commit-4.5.1"
        },
        "aarch64-linux": {
          "outputs": [
            {
              "name": "out",
              "path": "/nix/store/f3y3xqyq6bwqpxma3b1vgrgg27gmwcla-pre-commit-4.5.1",
              "default": true
            },
            {
              "name": "dist",
              "path": "/nix/store/xx4dp6ajrcnhlakanf0y7jl406ri1chs-pre-commit-4.5.1-dist"
            }
          ],
          "store_path": "/nix/store/f3y3xqyq6bwqpxma3b1vgrgg27gmwcla-pre-commit-4.5.1"
        },
        "x86_64-darwin": {
          "outputs": [
            {
              "name": "out",
              "path": "/nix/store/51i9rjiyhdnxd96rp3cc8ykhcld7zhqq-pre-commit-4.5.1",
              "default": true
            },
            {
              "name": "dist",
              "path": "/nix/store/hphzzlh3q6nz74px0mq2a1h7yqkyr35b-pre-commit-4.5.1-dist"
            }
          ],
          "store_path": "/nix/store/51i9rjiyhdnxd96rp3cc8ykhcld7zhqq-pre-commit-4.5.1"
        },
        "x86_64-linux": {
          "outputs": [
            {
              "name": "out",
              "path": "/nix/store/pi00kf1m0bs82i4f3gjhyjavczhza541-pre-commit-4.5.1",
              "default": true
            },
            {
              "name": "dist",
              "path": "/nix/store/h99x0cd5s00nyp3l9f9cr8wlzm811vaz-pre-commit-4.5.1-dist"
            }
          ],
          "store_path": "/nix/store/pi00kf1m0bs82i4f3gjhyjavczhza541-pre-commit-4.5.1"
        }
      }
    }
  }
}
